
Microsoft Visual Studio Solution File, Format Version 12.00
# Visual Studio Version 17
VisualStudioVersion = 17.13.35919.96
MinimumVisualStudioVersion = 10.0.40219.1
Project("{FAE04EC0-301F-11D3-BF4B-00C04F79EFBC}") = "SingleList", "SingleList\SingleList.csproj", "{41580DB7-DD22-43F7-939A-275294349734}"
EndProject
Project("{FAE04EC0-301F-11D3-BF4B-00C04F79EFBC}") = "SingleList.UI.Console", "SingleList.UI.Console\SingleList.UI.Console.csproj", "{85AD6609-32AB-45BB-A605-7D03D67C79D2}"
EndProject
Project("{FAE04EC0-301F-11D3-BF4B-00C04F79EFBC}") = "DoubleList", "DoubleList\DoubleList.csproj", "{C709C5C6-403F-4ADE-98A1-6D97BE088518}"
EndProject
Project("{FAE04EC0-301F-11D3-BF4B-00C04F79EFBC}") = "DoubleList.UI.Console", "DoubleList.UI.Console\DoubleList.UI.Console.csproj", "{330F0773-E221-46ED-A3AD-589899ADFCDC}"
EndProject
Project("{FAE04EC0-301F-11D3-BF4B-00C04F79EFBC}") = "DoubleList5", "DoubleList5\DoubleList5.csproj", "{EB54FCA0-8BCD-4450-A93D-4AF93883CC76}"
EndProject
Project("{FAE04EC0-301F-11D3-BF4B-00C04F79EFBC}") = "DoubleList5.UI.Console", "DoubleList5.UI.Console\DoubleList5.UI.Console.csproj", "{76279B01-153C-48C7-8CE9-F35F778E7A45}"
EndProject
Global
	GlobalSection(SolutionConfigurationPlatforms) = preSolution
		Debug|Any CPU = Debug|Any CPU
		Release|Any CPU = Release|Any CPU
	EndGlobalSection
	GlobalSection(ProjectConfigurationPlatforms) = postSolution
		{41580DB7-DD22-43F7-939A-275294349734}.Debug|Any CPU.ActiveCfg = Debug|Any CPU
		{41580DB7-DD22-43F7-939A-275294349734}.Debug|Any CPU.Build.0 = Debug|Any CPU
		{41580DB7-DD22-43F7-939A-275294349734}.Release|Any CPU.ActiveCfg = Release|Any CPU
		{41580DB7-DD22-43F7-939A-275294349734}.Release|Any CPU.Build.0 = Release|Any CPU
		{85AD6609-32AB-45BB-A605-7D03D67C79D2}.Debug|Any CPU.ActiveCfg = Debug|Any CPU
		{85AD6609-32AB-45BB-A605-7D03D67C79D2}.Debug|Any CPU.Build.0 = Debug|Any CPU
		{85AD6609-32AB-45BB-A605-7D03D67C79D2}.Release|Any CPU.ActiveCfg = Release|Any CPU
		{85AD6609-32AB-45BB-A605-7D03D67C79D2}.Release|Any CPU.Build.0 = Release|Any CPU
		{C709C5C6-403F-4ADE-98A1-6D97BE088518}.Debug|Any CPU.ActiveCfg = Debug|Any CPU
		{C709C5C6-403F-4ADE-98A1-6D97BE088518}.Debug|Any CPU.Build.0 = Debug|Any CPU
		{C709C5C6-403F-4ADE-98A1-6D97BE088518}.Release|Any CPU.ActiveCfg = Release|Any CPU
		{C709C5C6-403F-4ADE-98A1-6D97BE088518}.Release|Any CPU.Build.0 = Release|Any CPU
		{330F0773-E221-46ED-A3AD-589899ADFCDC}.Debug|Any CPU.ActiveCfg = Debug|Any CPU
		{330F0773-E221-46ED-A3AD-589899ADFCDC}.Debug|Any CPU.Build.0 = Debug|Any CPU
		{330F0773-E221-46ED-A3AD-589899ADFCDC}.Release|Any CPU.ActiveCfg = Release|Any CPU
		{330F0773-E221-46ED-A3AD-589899ADFCDC}.Release|Any CPU.Build.0 = Release|Any CPU
		{EB54FCA0-8BCD-4450-A93D-4AF93883CC76}.Debug|Any CPU.ActiveCfg = Debug|Any CPU
		{EB54FCA0-8BCD-4450-A93D-4AF93883CC76}.Debug|Any CPU.Build.0 = Debug|Any CPU
		{EB54FCA0-8BCD-4450-A93D-4AF93883CC76}.Release|Any CPU.ActiveCfg = Release|Any CPU
		{EB54FCA0-8BCD-4450-A93D-4AF93883CC76}.Release|Any CPU.Build.0 = Release|Any CPU
		{76279B01-153C-48C7-8CE9-F35F778E7A45}.Debug|Any CPU.ActiveCfg = Debug|Any CPU
		{76279B01-153C-48C7-8CE9-F35F778E7A45}.Debug|Any CPU.Build.0 = Debug|Any CPU
		{76279B01-153C-48C7-8CE9-F35F778E7A45}.Release|Any CPU.ActiveCfg = Release|Any CPU
		{76279B01-153C-48C7-8CE9-F35F778E7A45}.Release|Any CPU.Build.0 = Release|Any CPU
	EndGlobalSection
	GlobalSection(SolutionProperties) = preSolution
		HideSolutionNode = FALSE
	EndGlobalSection
	GlobalSection(ExtensibilityGlobals) = postSolution
		SolutionGuid = {CAC1D551-D432-4146-8C68-44C124210CA5}
	EndGlobalSection
EndGlobal
